
Microsoft Visual Studio Solution File, Format Version 12.00
# Visual Studio Version 17
VisualStudioVersion = 17.11.35312.102
MinimumVisualStudioVersion = 10.0.40219.1
Project("{FAE04EC0-301F-11D3-BF4B-00C04F79EFBC}") = "I don't take rock", "I don't take rock\I don't take rock.csproj", "{A9435A07-6A32-4CCD-831B-15E722ED62E3}"
EndProject
Global
	GlobalSection(SolutionConfigurationPlatforms) = preSolution
		Debug|Any CPU = Debug|Any CPU
		Release|Any CPU = Release|Any CPU
	EndGlobalSection
	GlobalSection(ProjectConfigurationPlatforms) = postSolution
		{A9435A07-6A32-4CCD-831B-15E722ED62E3}.Debug|Any CPU.ActiveCfg = Debug|Any CPU
		{A9435A07-6A32-4CCD-831B-15E722ED62E3}.Debug|Any CPU.Build.0 = Debug|Any CPU
		{A9435A07-6A32-4CCD-831B-15E722ED62E3}.Release|Any CPU.ActiveCfg = Release|Any CPU
		{A9435A07-6A32-4CCD-831B-15E722ED62E3}.Release|Any CPU.Build.0 = Release|Any CPU
	EndGlobalSection
	GlobalSection(SolutionProperties) = preSolution
		HideSolutionNode = FALSE
	EndGlobalSection
	GlobalSection(ExtensibilityGlobals) = postSolution
		SolutionGuid = {346947CA-72FA-43A2-837E-AE5C41C0901B}
	EndGlobalSection
EndGlobal
