
Microsoft Visual Studio Solution File, Format Version 12.00
# Visual Studio Version 17
VisualStudioVersion = 17.11.35312.102
MinimumVisualStudioVersion = 10.0.40219.1
Project("{FAE04EC0-301F-11D3-BF4B-00C04F79EFBC}") = "Kr2", "Kr2\Kr2.csproj", "{4442B4D0-374B-47F2-98B3-D772253CADA8}"
EndProject
Global
	GlobalSection(SolutionConfigurationPlatforms) = preSolution
		Debug|Any CPU = Debug|Any CPU
		Release|Any CPU = Release|Any CPU
	EndGlobalSection
	GlobalSection(ProjectConfigurationPlatforms) = postSolution
		{4442B4D0-374B-47F2-98B3-D772253CADA8}.Debug|Any CPU.ActiveCfg = Debug|Any CPU
		{4442B4D0-374B-47F2-98B3-D772253CADA8}.Debug|Any CPU.Build.0 = Debug|Any CPU
		{4442B4D0-374B-47F2-98B3-D772253CADA8}.Release|Any CPU.ActiveCfg = Release|Any CPU
		{4442B4D0-374B-47F2-98B3-D772253CADA8}.Release|Any CPU.Build.0 = Release|Any CPU
	EndGlobalSection
	GlobalSection(SolutionProperties) = preSolution
		HideSolutionNode = FALSE
	EndGlobalSection
	GlobalSection(ExtensibilityGlobals) = postSolution
		SolutionGuid = {F7D18F09-883A-4B56-BBE5-9AB2F3897C4F}
	EndGlobalSection
EndGlobal
